// !$*UTF8*$!
{
	archiveVersion = 1;
	classes = {
	};
	objectVersion = 46;
	objects = {

/* Begin PBXBuildFile section */
		12BF705746062CC573926E16 /* Pods_LayoutKit_iOS.framework in Frameworks */ = {isa = PBXBuildFile; fileRef = 7BD59875C031E8BE5163C148 /* Pods_LayoutKit_iOS.framework */; };
		447D4B341EA5599F002FDFF4 /* AppDelegate.swift in Sources */ = {isa = PBXBuildFile; fileRef = 447D4B331EA5599F002FDFF4 /* AppDelegate.swift */; };
/* End PBXBuildFile section */

/* Begin PBXFileReference section */
		179FC5847172D9FA64991EED /* Pods-LayoutKit-iOS.release.xcconfig */ = {isa = PBXFileReference; includeInIndex = 1; lastKnownFileType = text.xcconfig; name = "Pods-LayoutKit-iOS.release.xcconfig"; path = "Pods/Target Support Files/Pods-LayoutKit-iOS/Pods-LayoutKit-iOS.release.xcconfig"; sourceTree = "<group>"; };
		447D4B301EA5599F002FDFF4 /* LayoutKit-iOS.app */ = {isa = PBXFileReference; explicitFileType = wrapper.application; includeInIndex = 0; path = "LayoutKit-iOS.app"; sourceTree = BUILT_PRODUCTS_DIR; };
		447D4B331EA5599F002FDFF4 /* AppDelegate.swift */ = {isa = PBXFileReference; lastKnownFileType = sourcecode.swift; path = AppDelegate.swift; sourceTree = "<group>"; };
		447D4B3F1EA5599F002FDFF4 /* Info.plist */ = {isa = PBXFileReference; lastKnownFileType = text.plist.xml; path = Info.plist; sourceTree = "<group>"; };
		7BD59875C031E8BE5163C148 /* Pods_LayoutKit_iOS.framework */ = {isa = PBXFileReference; explicitFileType = wrapper.framework; includeInIndex = 0; path = Pods_LayoutKit_iOS.framework; sourceTree = BUILT_PRODUCTS_DIR; };
		CC66C9774057ED74512F444C /* Pods-LayoutKit-iOS.debug.xcconfig */ = {isa = PBXFileReference; includeInIndex = 1; lastKnownFileType = text.xcconfig; name = "Pods-LayoutKit-iOS.debug.xcconfig"; path = "Pods/Target Support Files/Pods-LayoutKit-iOS/Pods-LayoutKit-iOS.debug.xcconfig"; sourceTree = "<group>"; };
/* End PBXFileReference section */

/* Begin PBXFrameworksBuildPhase section */
		447D4B2D1EA5599F002FDFF4 /* Frameworks */ = {
			isa = PBXFrameworksBuildPhase;
			buildActionMask = 2147483647;
			files = (
				12BF705746062CC573926E16 /* Pods_LayoutKit_iOS.framework in Frameworks */,
			);
			runOnlyForDeploymentPostprocessing = 0;
		};
/* End PBXFrameworksBuildPhase section */

/* Begin PBXGroup section */
		1A3FBE6A0662EAFA0687EF21 /* Pods */ = {
			isa = PBXGroup;
			children = (
				CC66C9774057ED74512F444C /* Pods-LayoutKit-iOS.debug.xcconfig */,
				179FC5847172D9FA64991EED /* Pods-LayoutKit-iOS.release.xcconfig */,
			);
			name = Pods;
			sourceTree = "<group>";
		};
		2FE77FEB070172ACB74EF16F /* Frameworks */ = {
			isa = PBXGroup;
			children = (
				7BD59875C031E8BE5163C148 /* Pods_LayoutKit_iOS.framework */,
			);
			name = Frameworks;
			sourceTree = "<group>";
		};
		447D4B271EA5599F002FDFF4 = {
			isa = PBXGroup;
			children = (
				447D4B321EA5599F002FDFF4 /* LayoutKit-iOS */,
				447D4B311EA5599F002FDFF4 /* Products */,
				1A3FBE6A0662EAFA0687EF21 /* Pods */,
				2FE77FEB070172ACB74EF16F /* Frameworks */,
			);
			sourceTree = "<group>";
		};
		447D4B311EA5599F002FDFF4 /* Products */ = {
			isa = PBXGroup;
			children = (
				447D4B301EA5599F002FDFF4 /* LayoutKit-iOS.app */,
			);
			name = Products;
			sourceTree = "<group>";
		};
		447D4B321EA5599F002FDFF4 /* LayoutKit-iOS */ = {
			isa = PBXGroup;
			children = (
				447D4B331EA5599F002FDFF4 /* AppDelegate.swift */,
				447D4B3F1EA5599F002FDFF4 /* Info.plist */,
			);
			path = "LayoutKit-iOS";
			sourceTree = "<group>";
		};
/* End PBXGroup section */

/* Begin PBXNativeTarget section */
		447D4B2F1EA5599F002FDFF4 /* LayoutKit-iOS */ = {
			isa = PBXNativeTarget;
			buildConfigurationList = 447D4B421EA5599F002FDFF4 /* Build configuration list for PBXNativeTarget "LayoutKit-iOS" */;
			buildPhases = (
				E8DF9C5194D58E4194D8C8A3 /* [CP] Check Pods Manifest.lock */,
				447D4B2C1EA5599F002FDFF4 /* Sources */,
				447D4B2D1EA5599F002FDFF4 /* Frameworks */,
				447D4B2E1EA5599F002FDFF4 /* Resources */,
				95DAEAAB59DC43A93C6F2CD0 /* [CP] Embed Pods Frameworks */,
				A26CC8F15DCCB7811E4E770C /* [CP] Copy Pods Resources */,
			);
			buildRules = (
			);
			dependencies = (
			);
			name = "LayoutKit-iOS";
			productName = "LayoutKit-iOS";
			productReference = 447D4B301EA5599F002FDFF4 /* LayoutKit-iOS.app */;
			productType = "com.apple.product-type.application";
		};
/* End PBXNativeTarget section */

/* Begin PBXProject section */
		447D4B281EA5599F002FDFF4 /* Project object */ = {
			isa = PBXProject;
			attributes = {
				LastSwiftUpdateCheck = 0830;
				LastUpgradeCheck = 0830;
				ORGANIZATIONNAME = Linkedin;
				TargetAttributes = {
					447D4B2F1EA5599F002FDFF4 = {
						CreatedOnToolsVersion = 8.3.1;
						ProvisioningStyle = Automatic;
					};
				};
			};
			buildConfigurationList = 447D4B2B1EA5599F002FDFF4 /* Build configuration list for PBXProject "LayoutKit-iOS" */;
			compatibilityVersion = "Xcode 3.2";
			developmentRegion = English;
			hasScannedForEncodings = 0;
			knownRegions = (
				en,
				Base,
			);
			mainGroup = 447D4B271EA5599F002FDFF4;
			productRefGroup = 447D4B311EA5599F002FDFF4 /* Products */;
			projectDirPath = "";
			projectRoot = "";
			targets = (
				447D4B2F1EA5599F002FDFF4 /* LayoutKit-iOS */,
			);
		};
/* End PBXProject section */

/* Begin PBXResourcesBuildPhase section */
		447D4B2E1EA5599F002FDFF4 /* Resources */ = {
			isa = PBXResourcesBuildPhase;
			buildActionMask = 2147483647;
			files = (
			);
			runOnlyForDeploymentPostprocessing = 0;
		};
/* End PBXResourcesBuildPhase section */

/* Begin PBXShellScriptBuildPhase section */
		95DAEAAB59DC43A93C6F2CD0 /* [CP] Embed Pods Frameworks */ = {
			isa = PBXShellScriptBuildPhase;
			buildActionMask = 2147483647;
			files = (
			);
			inputPaths = (
			);
			name = "[CP] Embed Pods Frameworks";
			outputPaths = (
			);
			runOnlyForDeploymentPostprocessing = 0;
			shellPath = /bin/sh;
			shellScript = "\"${SRCROOT}/Pods/Target Support Files/Pods-LayoutKit-iOS/Pods-LayoutKit-iOS-frameworks.sh\"\n";
			showEnvVarsInLog = 0;
		};
		A26CC8F15DCCB7811E4E770C /* [CP] Copy Pods Resources */ = {
			isa = PBXShellScriptBuildPhase;
			buildActionMask = 2147483647;
			files = (
			);
			inputPaths = (
			);
			name = "[CP] Copy Pods Resources";
			outputPaths = (
			);
			runOnlyForDeploymentPostprocessing = 0;
			shellPath = /bin/sh;
			shellScript = "\"${SRCROOT}/Pods/Target Support Files/Pods-LayoutKit-iOS/Pods-LayoutKit-iOS-resources.sh\"\n";
			showEnvVarsInLog = 0;
		};
		E8DF9C5194D58E4194D8C8A3 /* [CP] Check Pods Manifest.lock */ = {
			isa = PBXShellScriptBuildPhase;
			buildActionMask = 2147483647;
			files = (
			);
			inputPaths = (
			);
			name = "[CP] Check Pods Manifest.lock";
			outputPaths = (
			);
			runOnlyForDeploymentPostprocessing = 0;
			shellPath = /bin/sh;
			shellScript = "diff \"${PODS_PODFILE_DIR_PATH}/Podfile.lock\" \"${PODS_ROOT}/Manifest.lock\" > /dev/null\nif [ $? != 0 ] ; then\n    # print error to STDERR\n    echo \"error: The sandbox is not in sync with the Podfile.lock. Run 'pod install' or update your CocoaPods installation.\" >&2\n    exit 1\nfi\n";
			showEnvVarsInLog = 0;
		};
/* End PBXShellScriptBuildPhase section */

/* Begin PBXSourcesBuildPhase section */
		447D4B2C1EA5599F002FDFF4 /* Sources */ = {
			isa = PBXSourcesBuildPhase;
			buildActionMask = 2147483647;
			files = (
				447D4B341EA5599F002FDFF4 /* AppDelegate.swift in Sources */,
			);
			runOnlyForDeploymentPostprocessing = 0;
		};
/* End PBXSourcesBuildPhase section */

/* Begin XCBuildConfiguration section */
		447D4B401EA5599F002FDFF4 /* Debug */ = {
			isa = XCBuildConfiguration;
			buildSettings = {
				ALWAYS_SEARCH_USER_PATHS = NO;
				CLANG_ANALYZER_NONNULL = YES;
				CLANG_ANALYZER_NUMBER_OBJECT_CONVERSION = YES_AGGRESSIVE;
				CLANG_CXX_LANGUAGE_STANDARD = "gnu++0x";
				CLANG_CXX_LIBRARY = "libc++";
				CLANG_ENABLE_MODULES = YES;
				CLANG_ENABLE_OBJC_ARC = YES;
				CLANG_WARN_BOOL_CONVERSION = YES;
				CLANG_WARN_CONSTANT_CONVERSION = YES;
				CLANG_WARN_DIRECT_OBJC_ISA_USAGE = YES_ERROR;
				CLANG_WARN_DOCUMENTATION_COMMENTS = YES;
				CLANG_WARN_EMPTY_BODY = YES;
				CLANG_WARN_ENUM_CONVERSION = YES;
				CLANG_WARN_INFINITE_RECURSION = YES;
				CLANG_WARN_INT_CONVERSION = YES;
				CLANG_WARN_OBJC_ROOT_CLASS = YES_ERROR;
				CLANG_WARN_SUSPICIOUS_MOVE = YES;
				CLANG_WARN_UNREACHABLE_CODE = YES;
				CLANG_WARN__DUPLICATE_METHOD_MATCH = YES;
				"CODE_SIGN_IDENTITY[sdk=iphoneos*]" = "iPhone Developer";
				COPY_PHASE_STRIP = NO;
				DEBUG_INFORMATION_FORMAT = dwarf;
				ENABLE_STRICT_OBJC_MSGSEND = YES;
				ENABLE_TESTABILITY = YES;
				GCC_C_LANGUAGE_STANDARD = gnu99;
				GCC_DYNAMIC_NO_PIC = NO;
				GCC_NO_COMMON_BLOCKS = YES;
				GCC_OPTIMIZATION_LEVEL = 0;
				GCC_PREPROCESSOR_DEFINITIONS = (
					"DEBUG=1",
					"$(inherited)",
				);
				GCC_WARN_64_TO_32_BIT_CONVERSION = YES;
				GCC_WARN_ABOUT_RETURN_TYPE = YES_ERROR;
				GCC_WARN_UNDECLARED_SELECTOR = YES;
				GCC_WARN_UNINITIALIZED_AUTOS = YES_AGGRESSIVE;
				GCC_WARN_UNUSED_FUNCTION = YES;
				GCC_WARN_UNUSED_VARIABLE = YES;
				IPHONEOS_DEPLOYMENT_TARGET = 10.3;
				MTL_ENABLE_DEBUG_INFO = YES;
				ONLY_ACTIVE_ARCH = YES;
				SDKROOT = iphoneos;
				SWIFT_ACTIVE_COMPILATION_CONDITIONS = DEBUG;
				SWIFT_OPTIMIZATION_LEVEL = "-Onone";
				TARGETED_DEVICE_FAMILY = "1,2";
			};
			name = Debug;
		};
		447D4B411EA5599F002FDFF4 /* Release */ = {
			isa = XCBuildConfiguration;
			buildSettings = {
				ALWAYS_SEARCH_USER_PATHS = NO;
				CLANG_ANALYZER_NONNULL = YES;
				CLANG_ANALYZER_NUMBER_OBJECT_CONVERSION = YES_AGGRESSIVE;
				CLANG_CXX_LANGUAGE_STANDARD = "gnu++0x";
				CLANG_CXX_LIBRARY = "libc++";
				CLANG_ENABLE_MODULES = YES;
				CLANG_ENABLE_OBJC_ARC = YES;
				CLANG_WARN_BOOL_CONVERSION = YES;
				CLANG_WARN_CONSTANT_CONVERSION = YES;
				CLANG_WARN_DIRECT_OBJC_ISA_USAGE = YES_ERROR;
				CLANG_WARN_DOCUMENTATION_COMMENTS = YES;
				CLANG_WARN_EMPTY_BODY = YES;
				CLANG_WARN_ENUM_CONVERSION = YES;
				CLANG_WARN_INFINITE_RECURSION = YES;
				CLANG_WARN_INT_CONVERSION = YES;
				CLANG_WARN_OBJC_ROOT_CLASS = YES_ERROR;
				CLANG_WARN_SUSPICIOUS_MOVE = YES;
				CLANG_WARN_UNREACHABLE_CODE = YES;
				CLANG_WARN__DUPLICATE_METHOD_MATCH = YES;
				"CODE_SIGN_IDENTITY[sdk=iphoneos*]" = "iPhone Developer";
				COPY_PHASE_STRIP = NO;
				DEBUG_INFORMATION_FORMAT = "dwarf-with-dsym";
				ENABLE_NS_ASSERTIONS = NO;
				ENABLE_STRICT_OBJC_MSGSEND = YES;
				GCC_C_LANGUAGE_STANDARD = gnu99;
				GCC_NO_COMMON_BLOCKS = YES;
				GCC_WARN_64_TO_32_BIT_CONVERSION = YES;
				GCC_WARN_ABOUT_RETURN_TYPE = YES_ERROR;
				GCC_WARN_UNDECLARED_SELECTOR = YES;
				GCC_WARN_UNINITIALIZED_AUTOS = YES_AGGRESSIVE;
				GCC_WARN_UNUSED_FUNCTION = YES;
				GCC_WARN_UNUSED_VARIABLE = YES;
				IPHONEOS_DEPLOYMENT_TARGET = 10.3;
				MTL_ENABLE_DEBUG_INFO = NO;
				SDKROOT = iphoneos;
				SWIFT_OPTIMIZATION_LEVEL = "-Owholemodule";
				TARGETED_DEVICE_FAMILY = "1,2";
				VALIDATE_PRODUCT = YES;
			};
			name = Release;
		};
		447D4B431EA5599F002FDFF4 /* Debug */ = {
			isa = XCBuildConfiguration;
			baseConfigurationReference = CC66C9774057ED74512F444C /* Pods-LayoutKit-iOS.debug.xcconfig */;
			buildSettings = {
				INFOPLIST_FILE = "LayoutKit-iOS/Info.plist";
				IPHONEOS_DEPLOYMENT_TARGET = 8.0;
				LD_RUNPATH_SEARCH_PATHS = "$(inherited) @executable_path/Frameworks";
				PRODUCT_BUNDLE_IDENTIFIER = "com.Linkedin.LayoutKit-iOS";
				PRODUCT_NAME = "$(TARGET_NAME)";
				SWIFT_VERSION = 3.0;
			};
			name = Debug;
		};
		447D4B441EA5599F002FDFF4 /* Release */ = {
			isa = XCBuildConfiguration;
			baseConfigurationReference = 179FC5847172D9FA64991EED /* Pods-LayoutKit-iOS.release.xcconfig */;
			buildSettings = {
				INFOPLIST_FILE = "LayoutKit-iOS/Info.plist";
				IPHONEOS_DEPLOYMENT_TARGET = 8.0;
				LD_RUNPATH_SEARCH_PATHS = "$(inherited) @executable_path/Frameworks";
				PRODUCT_BUNDLE_IDENTIFIER = "com.Linkedin.LayoutKit-iOS";
				PRODUCT_NAME = "$(TARGET_NAME)";
				SWIFT_VERSION = 3.0;
			};
			name = Release;
		};
/* End XCBuildConfiguration section */

/* Begin XCConfigurationList section */
		447D4B2B1EA5599F002FDFF4 /* Build configuration list for PBXProject "LayoutKit-iOS" */ = {
			isa = XCConfigurationList;
			buildConfigurations = (
				447D4B401EA5599F002FDFF4 /* Debug */,
				447D4B411EA5599F002FDFF4 /* Release */,
			);
			defaultConfigurationIsVisible = 0;
			defaultConfigurationName = Release;
		};
		447D4B421EA5599F002FDFF4 /* Build configuration list for PBXNativeTarget "LayoutKit-iOS" */ = {
			isa = XCConfigurationList;
			buildConfigurations = (
				447D4B431EA5599F002FDFF4 /* Debug */,
				447D4B441EA5599F002FDFF4 /* Release */,
			);
			defaultConfigurationIsVisible = 0;
			defaultConfigurationName = Release;
		};
/* End XCConfigurationList section */
	};
	rootObject = 447D4B281EA5599F002FDFF4 /* Project object */;
}
